
Microsoft Visual Studio Solution File, Format Version 12.00
# Visual Studio Version 17
VisualStudioVersion = 17.0.31903.59
MinimumVisualStudioVersion = 10.0.40219.1
Project("{FAE04EC0-301F-11D3-BF4B-00C04F79EFBC}") = "JLEngine.Core", "JLEngine.Core\JLEngine.Core.csproj", "{AFF23730-7949-450C-97BC-24695DA032C5}"
EndProject
Project("{FAE04EC0-301F-11D3-BF4B-00C04F79EFBC}") = "JLEngine.Core.Tests", "JLEngine.Core.Tests\JLEngine.Core.Tests.csproj", "{7BC5CF44-0A83-4AC3-B079-A5B16AF9DAF5}"
EndProject
Project("{FAE04EC0-301F-11D3-BF4B-00C04F79EFBC}") = "JLEngine.Runtime", "JLEngine.Runtime\JLEngine.Runtime.csproj", "{D10C9DBD-335A-488B-80D8-DA66A76CE61F}"
EndProject
Project("{FAE04EC0-301F-11D3-BF4B-00C04F79EFBC}") = "JLEngine.Runtime.Tests", "JLEngine.Runtime.Tests\JLEngine.Runtime.Tests.csproj", "{C5F76B87-5DCA-4A89-BBF2-2FE43E288D1B}"
EndProject
Project("{FAE04EC0-301F-11D3-BF4B-00C04F79EFBC}") = "JLEngine.Persistence", "JLEngine.Persistence\JLEngine.Persistence.csproj", "{BC504CD5-E5F9-4C74-9F79-DCDF53C48B2C}"
EndProject
Project("{FAE04EC0-301F-11D3-BF4B-00C04F79EFBC}") = "JLEngine.Persistence.Tests", "JLEngine.Persistence.Tests\JLEngine.Persistence.Tests.csproj", "{51786806-EBD5-4748-94B0-5A8F8B6F3B61}"
EndProject
Project("{FAE04EC0-301F-11D3-BF4B-00C04F79EFBC}") = "JLEngine.Bridges", "JLEngine.Bridges\JLEngine.Bridges.csproj", "{1EA3C6BC-6DA8-4AC8-B3F7-86C9656EF309}"
EndProject
Project("{FAE04EC0-301F-11D3-BF4B-00C04F79EFBC}") = "JLEngine.Bridges.Tests", "JLEngine.Bridges.Tests\JLEngine.Bridges.Tests.csproj", "{CD607C81-B507-4602-8734-BA90F4D98A6C}"
EndProject
Project("{FAE04EC0-301F-11D3-BF4B-00C04F79EFBC}") = "JLEngine.Host", "JLEngine.Host\JLEngine.Host.csproj", "{A19A5ADA-6722-41CB-8062-EDE0BADB91F7}"
EndProject
Project("{FAE04EC0-301F-11D3-BF4B-00C04F79EFBC}") = "JLEngine.TelegramBot", "JLEngine.TelegramBot\JLEngine.TelegramBot.csproj", "{F0CC5F20-CB49-40A5-AD85-B0BF5312B62B}"
EndProject
Global
	GlobalSection(SolutionConfigurationPlatforms) = preSolution
		Debug|Any CPU = Debug|Any CPU
		Debug|x64 = Debug|x64
		Debug|x86 = Debug|x86
		Release|Any CPU = Release|Any CPU
		Release|x64 = Release|x64
		Release|x86 = Release|x86
	EndGlobalSection
	GlobalSection(ProjectConfigurationPlatforms) = postSolution
		{AFF23730-7949-450C-97BC-24695DA032C5}.Debug|Any CPU.ActiveCfg = Debug|Any CPU
		{AFF23730-7949-450C-97BC-24695DA032C5}.Debug|Any CPU.Build.0 = Debug|Any CPU
		{AFF23730-7949-450C-97BC-24695DA032C5}.Debug|x64.ActiveCfg = Debug|Any CPU
		{AFF23730-7949-450C-97BC-24695DA032C5}.Debug|x64.Build.0 = Debug|Any CPU
		{AFF23730-7949-450C-97BC-24695DA032C5}.Debug|x86.ActiveCfg = Debug|Any CPU
		{AFF23730-7949-450C-97BC-24695DA032C5}.Debug|x86.Build.0 = Debug|Any CPU
		{AFF23730-7949-450C-97BC-24695DA032C5}.Release|Any CPU.ActiveCfg = Release|Any CPU
		{AFF23730-7949-450C-97BC-24695DA032C5}.Release|Any CPU.Build.0 = Release|Any CPU
		{AFF23730-7949-450C-97BC-24695DA032C5}.Release|x64.ActiveCfg = Release|Any CPU
		{AFF23730-7949-450C-97BC-24695DA032C5}.Release|x64.Build.0 = Release|Any CPU
		{AFF23730-7949-450C-97BC-24695DA032C5}.Release|x86.ActiveCfg = Release|Any CPU
		{AFF23730-7949-450C-97BC-24695DA032C5}.Release|x86.Build.0 = Release|Any CPU
		{7BC5CF44-0A83-4AC3-B079-A5B16AF9DAF5}.Debug|Any CPU.ActiveCfg = Debug|Any CPU
		{7BC5CF44-0A83-4AC3-B079-A5B16AF9DAF5}.Debug|Any CPU.Build.0 = Debug|Any CPU
		{7BC5CF44-0A83-4AC3-B079-A5B16AF9DAF5}.Debug|x64.ActiveCfg = Debug|Any CPU
		{7BC5CF44-0A83-4AC3-B079-A5B16AF9DAF5}.Debug|x64.Build.0 = Debug|Any CPU
		{7BC5CF44-0A83-4AC3-B079-A5B16AF9DAF5}.Debug|x86.ActiveCfg = Debug|Any CPU
		{7BC5CF44-0A83-4AC3-B079-A5B16AF9DAF5}.Debug|x86.Build.0 = Debug|Any CPU
		{7BC5CF44-0A83-4AC3-B079-A5B16AF9DAF5}.Release|Any CPU.ActiveCfg = Release|Any CPU
		{7BC5CF44-0A83-4AC3-B079-A5B16AF9DAF5}.Release|Any CPU.Build.0 = Release|Any CPU
		{7BC5CF44-0A83-4AC3-B079-A5B16AF9DAF5}.Release|x64.ActiveCfg = Release|Any CPU
		{7BC5CF44-0A83-4AC3-B079-A5B16AF9DAF5}.Release|x64.Build.0 = Release|Any CPU
		{7BC5CF44-0A83-4AC3-B079-A5B16AF9DAF5}.Release|x86.ActiveCfg = Release|Any CPU
		{7BC5CF44-0A83-4AC3-B079-A5B16AF9DAF5}.Release|x86.Build.0 = Release|Any CPU
		{D10C9DBD-335A-488B-80D8-DA66A76CE61F}.Debug|Any CPU.ActiveCfg = Debug|Any CPU
		{D10C9DBD-335A-488B-80D8-DA66A76CE61F}.Debug|Any CPU.Build.0 = Debug|Any CPU
		{D10C9DBD-335A-488B-80D8-DA66A76CE61F}.Debug|x64.ActiveCfg = Debug|Any CPU
		{D10C9DBD-335A-488B-80D8-DA66A76CE61F}.Debug|x64.Build.0 = Debug|Any CPU
		{D10C9DBD-335A-488B-80D8-DA66A76CE61F}.Debug|x86.ActiveCfg = Debug|Any CPU
		{D10C9DBD-335A-488B-80D8-DA66A76CE61F}.Debug|x86.Build.0 = Debug|Any CPU
		{D10C9DBD-335A-488B-80D8-DA66A76CE61F}.Release|Any CPU.ActiveCfg = Release|Any CPU
		{D10C9DBD-335A-488B-80D8-DA66A76CE61F}.Release|Any CPU.Build.0 = Release|Any CPU
		{D10C9DBD-335A-488B-80D8-DA66A76CE61F}.Release|x64.ActiveCfg = Release|Any CPU
		{D10C9DBD-335A-488B-80D8-DA66A76CE61F}.Release|x64.Build.0 = Release|Any CPU
		{D10C9DBD-335A-488B-80D8-DA66A76CE61F}.Release|x86.ActiveCfg = Release|Any CPU
		{D10C9DBD-335A-488B-80D8-DA66A76CE61F}.Release|x86.Build.0 = Release|Any CPU
		{C5F76B87-5DCA-4A89-BBF2-2FE43E288D1B}.Debug|Any CPU.ActiveCfg = Debug|Any CPU
		{C5F76B87-5DCA-4A89-BBF2-2FE43E288D1B}.Debug|Any CPU.Build.0 = Debug|Any CPU
		{C5F76B87-5DCA-4A89-BBF2-2FE43E288D1B}.Debug|x64.ActiveCfg = Debug|Any CPU
		{C5F76B87-5DCA-4A89-BBF2-2FE43E288D1B}.Debug|x64.Build.0 = Debug|Any CPU
		{C5F76B87-5DCA-4A89-BBF2-2FE43E288D1B}.Debug|x86.ActiveCfg = Debug|Any CPU
		{C5F76B87-5DCA-4A89-BBF2-2FE43E288D1B}.Debug|x86.Build.0 = Debug|Any CPU
		{C5F76B87-5DCA-4A89-BBF2-2FE43E288D1B}.Release|Any CPU.ActiveCfg = Release|Any CPU
		{C5F76B87-5DCA-4A89-BBF2-2FE43E288D1B}.Release|Any CPU.Build.0 = Release|Any CPU
		{C5F76B87-5DCA-4A89-BBF2-2FE43E288D1B}.Release|x64.ActiveCfg = Release|Any CPU
		{C5F76B87-5DCA-4A89-BBF2-2FE43E288D1B}.Release|x64.Build.0 = Release|Any CPU
		{C5F76B87-5DCA-4A89-BBF2-2FE43E288D1B}.Release|x86.ActiveCfg = Release|Any CPU
		{C5F76B87-5DCA-4A89-BBF2-2FE43E288D1B}.Release|x86.Build.0 = Release|Any CPU
		{BC504CD5-E5F9-4C74-9F79-DCDF53C48B2C}.Debug|Any CPU.ActiveCfg = Debug|Any CPU
		{BC504CD5-E5F9-4C74-9F79-DCDF53C48B2C}.Debug|Any CPU.Build.0 = Debug|Any CPU
		{BC504CD5-E5F9-4C74-9F79-DCDF53C48B2C}.Debug|x64.ActiveCfg = Debug|Any CPU
		{BC504CD5-E5F9-4C74-9F79-DCDF53C48B2C}.Debug|x64.Build.0 = Debug|Any CPU
		{BC504CD5-E5F9-4C74-9F79-DCDF53C48B2C}.Debug|x86.ActiveCfg = Debug|Any CPU
		{BC504CD5-E5F9-4C74-9F79-DCDF53C48B2C}.Debug|x86.Build.0 = Debug|Any CPU
		{BC504CD5-E5F9-4C74-9F79-DCDF53C48B2C}.Release|Any CPU.ActiveCfg = Release|Any CPU
		{BC504CD5-E5F9-4C74-9F79-DCDF53C48B2C}.Release|Any CPU.Build.0 = Release|Any CPU
		{BC504CD5-E5F9-4C74-9F79-DCDF53C48B2C}.Release|x64.ActiveCfg = Release|Any CPU
		{BC504CD5-E5F9-4C74-9F79-DCDF53C48B2C}.Release|x64.Build.0 = Release|Any CPU
		{BC504CD5-E5F9-4C74-9F79-DCDF53C48B2C}.Release|x86.ActiveCfg = Release|Any CPU
		{BC504CD5-E5F9-4C74-9F79-DCDF53C48B2C}.Release|x86.Build.0 = Release|Any CPU
		{51786806-EBD5-4748-94B0-5A8F8B6F3B61}.Debug|Any CPU.ActiveCfg = Debug|Any CPU
		{51786806-EBD5-4748-94B0-5A8F8B6F3B61}.Debug|Any CPU.Build.0 = Debug|Any CPU
		{51786806-EBD5-4748-94B0-5A8F8B6F3B61}.Debug|x64.ActiveCfg = Debug|Any CPU
		{51786806-EBD5-4748-94B0-5A8F8B6F3B61}.Debug|x64.Build.0 = Debug|Any CPU
		{51786806-EBD5-4748-94B0-5A8F8B6F3B61}.Debug|x86.ActiveCfg = Debug|Any CPU
		{51786806-EBD5-4748-94B0-5A8F8B6F3B61}.Debug|x86.Build.0 = Debug|Any CPU
		{51786806-EBD5-4748-94B0-5A8F8B6F3B61}.Release|Any CPU.ActiveCfg = Release|Any CPU
		{51786806-EBD5-4748-94B0-5A8F8B6F3B61}.Release|Any CPU.Build.0 = Release|Any CPU
		{51786806-EBD5-4748-94B0-5A8F8B6F3B61}.Release|x64.ActiveCfg = Release|Any CPU
		{51786806-EBD5-4748-94B0-5A8F8B6F3B61}.Release|x64.Build.0 = Release|Any CPU
		{51786806-EBD5-4748-94B0-5A8F8B6F3B61}.Release|x86.ActiveCfg = Release|Any CPU
		{51786806-EBD5-4748-94B0-5A8F8B6F3B61}.Release|x86.Build.0 = Release|Any CPU
		{1EA3C6BC-6DA8-4AC8-B3F7-86C9656EF309}.Debug|Any CPU.ActiveCfg = Debug|Any CPU
		{1EA3C6BC-6DA8-4AC8-B3F7-86C9656EF309}.Debug|Any CPU.Build.0 = Debug|Any CPU
		{1EA3C6BC-6DA8-4AC8-B3F7-86C9656EF309}.Debug|x64.ActiveCfg = Debug|Any CPU
		{1EA3C6BC-6DA8-4AC8-B3F7-86C9656EF309}.Debug|x64.Build.0 = Debug|Any CPU
		{1EA3C6BC-6DA8-4AC8-B3F7-86C9656EF309}.Debug|x86.ActiveCfg = Debug|Any CPU
		{1EA3C6BC-6DA8-4AC8-B3F7-86C9656EF309}.Debug|x86.Build.0 = Debug|Any CPU
		{1EA3C6BC-6DA8-4AC8-B3F7-86C9656EF309}.Release|Any CPU.ActiveCfg = Release|Any CPU
		{1EA3C6BC-6DA8-4AC8-B3F7-86C9656EF309}.Release|Any CPU.Build.0 = Release|Any CPU
		{1EA3C6BC-6DA8-4AC8-B3F7-86C9656EF309}.Release|x64.ActiveCfg = Release|Any CPU
		{1EA3C6BC-6DA8-4AC8-B3F7-86C9656EF309}.Release|x64.Build.0 = Release|Any CPU
		{1EA3C6BC-6DA8-4AC8-B3F7-86C9656EF309}.Release|x86.ActiveCfg = Release|Any CPU
		{1EA3C6BC-6DA8-4AC8-B3F7-86C9656EF309}.Release|x86.Build.0 = Release|Any CPU
		{CD607C81-B507-4602-8734-BA90F4D98A6C}.Debug|Any CPU.ActiveCfg = Debug|Any CPU
		{CD607C81-B507-4602-8734-BA90F4D98A6C}.Debug|Any CPU.Build.0 = Debug|Any CPU
		{CD607C81-B507-4602-8734-BA90F4D98A6C}.Debug|x64.ActiveCfg = Debug|Any CPU
		{CD607C81-B507-4602-8734-BA90F4D98A6C}.Debug|x64.Build.0 = Debug|Any CPU
		{CD607C81-B507-4602-8734-BA90F4D98A6C}.Debug|x86.ActiveCfg = Debug|Any CPU
		{CD607C81-B507-4602-8734-BA90F4D98A6C}.Debug|x86.Build.0 = Debug|Any CPU
		{CD607C81-B507-4602-8734-BA90F4D98A6C}.Release|Any CPU.ActiveCfg = Release|Any CPU
		{CD607C81-B507-4602-8734-BA90F4D98A6C}.Release|Any CPU.Build.0 = Release|Any CPU
		{CD607C81-B507-4602-8734-BA90F4D98A6C}.Release|x64.ActiveCfg = Release|Any CPU
		{CD607C81-B507-4602-8734-BA90F4D98A6C}.Release|x64.Build.0 = Release|Any CPU
		{CD607C81-B507-4602-8734-BA90F4D98A6C}.Release|x86.ActiveCfg = Release|Any CPU
		{CD607C81-B507-4602-8734-BA90F4D98A6C}.Release|x86.Build.0 = Release|Any CPU
		{A19A5ADA-6722-41CB-8062-EDE0BADB91F7}.Debug|Any CPU.ActiveCfg = Debug|Any CPU
		{A19A5ADA-6722-41CB-8062-EDE0BADB91F7}.Debug|Any CPU.Build.0 = Debug|Any CPU
		{A19A5ADA-6722-41CB-8062-EDE0BADB91F7}.Debug|x64.ActiveCfg = Debug|Any CPU
		{A19A5ADA-6722-41CB-8062-EDE0BADB91F7}.Debug|x64.Build.0 = Debug|Any CPU
		{A19A5ADA-6722-41CB-8062-EDE0BADB91F7}.Debug|x86.ActiveCfg = Debug|Any CPU
		{A19A5ADA-6722-41CB-8062-EDE0BADB91F7}.Debug|x86.Build.0 = Debug|Any CPU
		{A19A5ADA-6722-41CB-8062-EDE0BADB91F7}.Release|Any CPU.ActiveCfg = Release|Any CPU
		{A19A5ADA-6722-41CB-8062-EDE0BADB91F7}.Release|Any CPU.Build.0 = Release|Any CPU
		{A19A5ADA-6722-41CB-8062-EDE0BADB91F7}.Release|x64.ActiveCfg = Release|Any CPU
		{A19A5ADA-6722-41CB-8062-EDE0BADB91F7}.Release|x64.Build.0 = Release|Any CPU
		{A19A5ADA-6722-41CB-8062-EDE0BADB91F7}.Release|x86.ActiveCfg = Release|Any CPU
		{A19A5ADA-6722-41CB-8062-EDE0BADB91F7}.Release|x86.Build.0 = Release|Any CPU
		{F0CC5F20-CB49-40A5-AD85-B0BF5312B62B}.Debug|Any CPU.ActiveCfg = Debug|Any CPU
		{F0CC5F20-CB49-40A5-AD85-B0BF5312B62B}.Debug|Any CPU.Build.0 = Debug|Any CPU
		{F0CC5F20-CB49-40A5-AD85-B0BF5312B62B}.Debug|x64.ActiveCfg = Debug|Any CPU
		{F0CC5F20-CB49-40A5-AD85-B0BF5312B62B}.Debug|x64.Build.0 = Debug|Any CPU
		{F0CC5F20-CB49-40A5-AD85-B0BF5312B62B}.Debug|x86.ActiveCfg = Debug|Any CPU
		{F0CC5F20-CB49-40A5-AD85-B0BF5312B62B}.Debug|x86.Build.0 = Debug|Any CPU
		{F0CC5F20-CB49-40A5-AD85-B0BF5312B62B}.Release|Any CPU.ActiveCfg = Release|Any CPU
		{F0CC5F20-CB49-40A5-AD85-B0BF5312B62B}.Release|Any CPU.Build.0 = Release|Any CPU
		{F0CC5F20-CB49-40A5-AD85-B0BF5312B62B}.Release|x64.ActiveCfg = Release|Any CPU
		{F0CC5F20-CB49-40A5-AD85-B0BF5312B62B}.Release|x64.Build.0 = Release|Any CPU
		{F0CC5F20-CB49-40A5-AD85-B0BF5312B62B}.Release|x86.ActiveCfg = Release|Any CPU
		{F0CC5F20-CB49-40A5-AD85-B0BF5312B62B}.Release|x86.Build.0 = Release|Any CPU
	EndGlobalSection
	GlobalSection(SolutionProperties) = preSolution
		HideSolutionNode = FALSE
	EndGlobalSection
EndGlobal
